
Microsoft Visual Studio Solution File, Format Version 12.00
# Visual Studio Version 17
VisualStudioVersion = 17.13.36105.23 d17.13
MinimumVisualStudioVersion = 10.0.40219.1
Project("{FAE04EC0-301F-11D3-BF4B-00C04F79EFBC}") = "bootstrapmvc", "bootstrapmvc\bootstrapmvc.csproj", "{11C0F8D1-1DF6-45DE-8B2E-446F2E8E4A54}"
EndProject
Global
	GlobalSection(SolutionConfigurationPlatforms) = preSolution
		Debug|Any CPU = Debug|Any CPU
		Release|Any CPU = Release|Any CPU
	EndGlobalSection
	GlobalSection(ProjectConfigurationPlatforms) = postSolution
		{11C0F8D1-1DF6-45DE-8B2E-446F2E8E4A54}.Debug|Any CPU.ActiveCfg = Debug|Any CPU
		{11C0F8D1-1DF6-45DE-8B2E-446F2E8E4A54}.Debug|Any CPU.Build.0 = Debug|Any CPU
		{11C0F8D1-1DF6-45DE-8B2E-446F2E8E4A54}.Release|Any CPU.ActiveCfg = Release|Any CPU
		{11C0F8D1-1DF6-45DE-8B2E-446F2E8E4A54}.Release|Any CPU.Build.0 = Release|Any CPU
	EndGlobalSection
	GlobalSection(SolutionProperties) = preSolution
		HideSolutionNode = FALSE
	EndGlobalSection
	GlobalSection(ExtensibilityGlobals) = postSolution
		SolutionGuid = {BC96136C-50D5-4290-A4F3-DCD689400587}
	EndGlobalSection
EndGlobal
